
Microsoft Visual Studio Solution File, Format Version 12.00
# Visual Studio Version 17
VisualStudioVersion = 17.11.35222.181
MinimumVisualStudioVersion = 10.0.40219.1
Project("{FAE04EC0-301F-11D3-BF4B-00C04F79EFBC}") = "OverlayCaptions", "OverlayCaptions\OverlayCaptions.csproj", "{D23DFFEC-498A-4242-A3FC-12E682E3536A}"
EndProject
Global
	GlobalSection(SolutionConfigurationPlatforms) = preSolution
		Debug|Any CPU = Debug|Any CPU
		Release|Any CPU = Release|Any CPU
	EndGlobalSection
	GlobalSection(ProjectConfigurationPlatforms) = postSolution
		{D23DFFEC-498A-4242-A3FC-12E682E3536A}.Debug|Any CPU.ActiveCfg = Debug|Any CPU
		{D23DFFEC-498A-4242-A3FC-12E682E3536A}.Debug|Any CPU.Build.0 = Debug|Any CPU
		{D23DFFEC-498A-4242-A3FC-12E682E3536A}.Release|Any CPU.ActiveCfg = Release|Any CPU
		{D23DFFEC-498A-4242-A3FC-12E682E3536A}.Release|Any CPU.Build.0 = Release|Any CPU
	EndGlobalSection
	GlobalSection(SolutionProperties) = preSolution
		HideSolutionNode = FALSE
	EndGlobalSection
	GlobalSection(ExtensibilityGlobals) = postSolution
		SolutionGuid = {B2B7712D-2804-4ED4-84DE-A6521EEAC09B}
	EndGlobalSection
EndGlobal
